// !$*UTF8*$!
{
	archiveVersion = 1;
	classes = {
	};
	objectVersion = 46;
	objects = {

/* Begin PBXBuildFile section */
		DD93152113E445E80045F7BC /* SendMessageViewController.xib in Resources */ = {isa = PBXBuildFile; fileRef = DD93152013E445E80045F7BC /* SendMessageViewController.xib */; };
		DDC722F513E3640B00BFD50D /* UIKit.framework in Frameworks */ = {isa = PBXBuildFile; fileRef = DDC722F413E3640B00BFD50D /* UIKit.framework */; };
		DDC722F713E3640B00BFD50D /* Foundation.framework in Frameworks */ = {isa = PBXBuildFile; fileRef = DDC722F613E3640B00BFD50D /* Foundation.framework */; };
		DDC722F913E3640B00BFD50D /* CoreGraphics.framework in Frameworks */ = {isa = PBXBuildFile; fileRef = DDC722F813E3640B00BFD50D /* CoreGraphics.framework */; };
		DDC722FF13E3640B00BFD50D /* InfoPlist.strings in Resources */ = {isa = PBXBuildFile; fileRef = DDC722FD13E3640B00BFD50D /* InfoPlist.strings */; };
		DDC7230113E3640B00BFD50D /* main.m in Sources */ = {isa = PBXBuildFile; fileRef = DDC7230013E3640B00BFD50D /* main.m */; };
		DDC7230513E3640B00BFD50D /* AppDelegate.m in Sources */ = {isa = PBXBuildFile; fileRef = DDC7230413E3640B00BFD50D /* AppDelegate.m */; };
		DDC7230713E3640B00BFD50D /* SendMessageViewController.h in Resources */ = {isa = PBXBuildFile; fileRef = DDC7230613E3640B00BFD50D /* SendMessageViewController.h */; };
		DDC7230913E3640B00BFD50D /* SendMessageViewController.m in Sources */ = {isa = PBXBuildFile; fileRef = DDC7230813E3640B00BFD50D /* SendMessageViewController.m */; };
		DDC7231413E3640B00BFD50D /* SenTestingKit.framework in Frameworks */ = {isa = PBXBuildFile; fileRef = DDC7231313E3640B00BFD50D /* SenTestingKit.framework */; };
		DDC7231513E3640B00BFD50D /* UIKit.framework in Frameworks */ = {isa = PBXBuildFile; fileRef = DDC722F413E3640B00BFD50D /* UIKit.framework */; };
		DDC7231613E3640B00BFD50D /* Foundation.framework in Frameworks */ = {isa = PBXBuildFile; fileRef = DDC722F613E3640B00BFD50D /* Foundation.framework */; };
		DDC7231713E3640B00BFD50D /* CoreGraphics.framework in Frameworks */ = {isa = PBXBuildFile; fileRef = DDC722F813E3640B00BFD50D /* CoreGraphics.framework */; };
		DDC7231F13E3640B00BFD50D /* InfoPlist.strings in Resources */ = {isa = PBXBuildFile; fileRef = DDC7231D13E3640B00BFD50D /* InfoPlist.strings */; };
		DDC7232113E3640B00BFD50D /* LocalSocialTests.h in Resources */ = {isa = PBXBuildFile; fileRef = DDC7232013E3640B00BFD50D /* LocalSocialTests.h */; };
		DDC7232313E3640B00BFD50D /* LocalSocialTests.m in Sources */ = {isa = PBXBuildFile; fileRef = DDC7232213E3640B00BFD50D /* LocalSocialTests.m */; };
		DDE2F3B813F0CDAC00EAB017 /* InfoViewController.m in Sources */ = {isa = PBXBuildFile; fileRef = DDE2F3B613F0CDAC00EAB017 /* InfoViewController.m */; };
		DDE2F3B913F0CDAC00EAB017 /* InfoViewController.xib in Resources */ = {isa = PBXBuildFile; fileRef = DDE2F3B713F0CDAC00EAB017 /* InfoViewController.xib */; };
/* End PBXBuildFile section */

/* Begin PBXContainerItemProxy section */
		DDC7231813E3640B00BFD50D /* PBXContainerItemProxy */ = {
			isa = PBXContainerItemProxy;
			containerPortal = DDC722E713E3640B00BFD50D /* Project object */;
			proxyType = 1;
			remoteGlobalIDString = DDC722EF13E3640B00BFD50D;
			remoteInfo = LocalSocial;
		};
/* End PBXContainerItemProxy section */

/* Begin PBXFileReference section */
		DD93152013E445E80045F7BC /* SendMessageViewController.xib */ = {isa = PBXFileReference; fileEncoding = 4; lastKnownFileType = file.xib; path = SendMessageViewController.xib; sourceTree = "<group>"; };
		DDC722F013E3640B00BFD50D /* LocalSocial.app */ = {isa = PBXFileReference; explicitFileType = wrapper.application; includeInIndex = 0; path = LocalSocial.app; sourceTree = BUILT_PRODUCTS_DIR; };
		DDC722F413E3640B00BFD50D /* UIKit.framework */ = {isa = PBXFileReference; lastKnownFileType = wrapper.framework; name = UIKit.framework; path = System/Library/Frameworks/UIKit.framework; sourceTree = SDKROOT; };
		DDC722F613E3640B00BFD50D /* Foundation.framework */ = {isa = PBXFileReference; lastKnownFileType = wrapper.framework; name = Foundation.framework; path = System/Library/Frameworks/Foundation.framework; sourceTree = SDKROOT; };
		DDC722F813E3640B00BFD50D /* CoreGraphics.framework */ = {isa = PBXFileReference; lastKnownFileType = wrapper.framework; name = CoreGraphics.framework; path = System/Library/Frameworks/CoreGraphics.framework; sourceTree = SDKROOT; };
		DDC722FC13E3640B00BFD50D /* LocalSocial-Info.plist */ = {isa = PBXFileReference; lastKnownFileType = text.plist.xml; path = "LocalSocial-Info.plist"; sourceTree = "<group>"; };
		DDC722FE13E3640B00BFD50D /* en */ = {isa = PBXFileReference; lastKnownFileType = text.plist.strings; name = en; path = en.lproj/InfoPlist.strings; sourceTree = "<group>"; };
		DDC7230013E3640B00BFD50D /* main.m */ = {isa = PBXFileReference; lastKnownFileType = sourcecode.c.objc; path = main.m; sourceTree = "<group>"; };
		DDC7230213E3640B00BFD50D /* LocalSocial-Prefix.pch */ = {isa = PBXFileReference; lastKnownFileType = sourcecode.c.h; path = "LocalSocial-Prefix.pch"; sourceTree = "<group>"; };
		DDC7230313E3640B00BFD50D /* AppDelegate.h */ = {isa = PBXFileReference; lastKnownFileType = sourcecode.c.h; path = AppDelegate.h; sourceTree = "<group>"; };
		DDC7230413E3640B00BFD50D /* AppDelegate.m */ = {isa = PBXFileReference; lastKnownFileType = sourcecode.c.objc; path = AppDelegate.m; sourceTree = "<group>"; };
		DDC7230613E3640B00BFD50D /* SendMessageViewController.h */ = {isa = PBXFileReference; lastKnownFileType = sourcecode.c.h; path = SendMessageViewController.h; sourceTree = "<group>"; };
		DDC7230813E3640B00BFD50D /* SendMessageViewController.m */ = {isa = PBXFileReference; lastKnownFileType = sourcecode.c.objc; path = SendMessageViewController.m; sourceTree = "<group>"; };
		DDC7231213E3640B00BFD50D /* LocalSocialTests.octest */ = {isa = PBXFileReference; explicitFileType = wrapper.cfbundle; includeInIndex = 0; path = LocalSocialTests.octest; sourceTree = BUILT_PRODUCTS_DIR; };
		DDC7231313E3640B00BFD50D /* SenTestingKit.framework */ = {isa = PBXFileReference; lastKnownFileType = wrapper.framework; name = SenTestingKit.framework; path = Library/Frameworks/SenTestingKit.framework; sourceTree = DEVELOPER_DIR; };
		DDC7231C13E3640B00BFD50D /* LocalSocialTests-Info.plist */ = {isa = PBXFileReference; lastKnownFileType = text.plist.xml; path = "LocalSocialTests-Info.plist"; sourceTree = "<group>"; };
		DDC7231E13E3640B00BFD50D /* en */ = {isa = PBXFileReference; lastKnownFileType = text.plist.strings; name = en; path = en.lproj/InfoPlist.strings; sourceTree = "<group>"; };
		DDC7232013E3640B00BFD50D /* LocalSocialTests.h */ = {isa = PBXFileReference; lastKnownFileType = sourcecode.c.h; path = LocalSocialTests.h; sourceTree = "<group>"; };
		DDC7232213E3640B00BFD50D /* LocalSocialTests.m */ = {isa = PBXFileReference; lastKnownFileType = sourcecode.c.objc; path = LocalSocialTests.m; sourceTree = "<group>"; };
		DDE2F3B513F0CDAC00EAB017 /* InfoViewController.h */ = {isa = PBXFileReference; fileEncoding = 4; lastKnownFileType = sourcecode.c.h; path = InfoViewController.h; sourceTree = "<group>"; };
		DDE2F3B613F0CDAC00EAB017 /* InfoViewController.m */ = {isa = PBXFileReference; fileEncoding = 4; lastKnownFileType = sourcecode.c.objc; path = InfoViewController.m; sourceTree = "<group>"; };
		DDE2F3B713F0CDAC00EAB017 /* InfoViewController.xib */ = {isa = PBXFileReference; fileEncoding = 4; lastKnownFileType = file.xib; path = InfoViewController.xib; sourceTree = "<group>"; };
/* End PBXFileReference section */

/* Begin PBXFrameworksBuildPhase section */
		DDC722ED13E3640B00BFD50D /* Frameworks */ = {
			isa = PBXFrameworksBuildPhase;
			buildActionMask = 2147483647;
			files = (
				DDC722F513E3640B00BFD50D /* UIKit.framework in Frameworks */,
				DDC722F713E3640B00BFD50D /* Foundation.framework in Frameworks */,
				DDC722F913E3640B00BFD50D /* CoreGraphics.framework in Frameworks */,
			);
			runOnlyForDeploymentPostprocessing = 0;
		};
		DDC7230E13E3640B00BFD50D /* Frameworks */ = {
			isa = PBXFrameworksBuildPhase;
			buildActionMask = 2147483647;
			files = (
				DDC7231413E3640B00BFD50D /* SenTestingKit.framework in Frameworks */,
				DDC7231513E3640B00BFD50D /* UIKit.framework in Frameworks */,
				DDC7231613E3640B00BFD50D /* Foundation.framework in Frameworks */,
				DDC7231713E3640B00BFD50D /* CoreGraphics.framework in Frameworks */,
			);
			runOnlyForDeploymentPostprocessing = 0;
		};
/* End PBXFrameworksBuildPhase section */

/* Begin PBXGroup section */
		DDC722E513E3640B00BFD50D = {
			isa = PBXGroup;
			children = (
				DDC722FA13E3640B00BFD50D /* LocalSocial */,
				DDC7231A13E3640B00BFD50D /* LocalSocialTests */,
				DDC722F313E3640B00BFD50D /* Frameworks */,
				DDC722F113E3640B00BFD50D /* Products */,
			);
			sourceTree = "<group>";
		};
		DDC722F113E3640B00BFD50D /* Products */ = {
			isa = PBXGroup;
			children = (
				DDC722F013E3640B00BFD50D /* LocalSocial.app */,
				DDC7231213E3640B00BFD50D /* LocalSocialTests.octest */,
			);
			name = Products;
			sourceTree = "<group>";
		};
		DDC722F313E3640B00BFD50D /* Frameworks */ = {
			isa = PBXGroup;
			children = (
				DDC722F413E3640B00BFD50D /* UIKit.framework */,
				DDC722F613E3640B00BFD50D /* Foundation.framework */,
				DDC722F813E3640B00BFD50D /* CoreGraphics.framework */,
				DDC7231313E3640B00BFD50D /* SenTestingKit.framework */,
			);
			name = Frameworks;
			sourceTree = "<group>";
		};
		DDC722FA13E3640B00BFD50D /* LocalSocial */ = {
			isa = PBXGroup;
			children = (
				DDC7230313E3640B00BFD50D /* AppDelegate.h */,
				DDC7230413E3640B00BFD50D /* AppDelegate.m */,
				DDC7230613E3640B00BFD50D /* SendMessageViewController.h */,
				DDC7230813E3640B00BFD50D /* SendMessageViewController.m */,
				DD93152013E445E80045F7BC /* SendMessageViewController.xib */,
				DDC722FB13E3640B00BFD50D /* Supporting Files */,
				DDE2F3B513F0CDAC00EAB017 /* InfoViewController.h */,
				DDE2F3B613F0CDAC00EAB017 /* InfoViewController.m */,
				DDE2F3B713F0CDAC00EAB017 /* InfoViewController.xib */,
			);
			path = LocalSocial;
			sourceTree = "<group>";
		};
		DDC722FB13E3640B00BFD50D /* Supporting Files */ = {
			isa = PBXGroup;
			children = (
				DDC722FC13E3640B00BFD50D /* LocalSocial-Info.plist */,
				DDC722FD13E3640B00BFD50D /* InfoPlist.strings */,
				DDC7230013E3640B00BFD50D /* main.m */,
				DDC7230213E3640B00BFD50D /* LocalSocial-Prefix.pch */,
			);
			name = "Supporting Files";
			sourceTree = "<group>";
		};
		DDC7231A13E3640B00BFD50D /* LocalSocialTests */ = {
			isa = PBXGroup;
			children = (
				DDC7232013E3640B00BFD50D /* LocalSocialTests.h */,
				DDC7232213E3640B00BFD50D /* LocalSocialTests.m */,
				DDC7231B13E3640B00BFD50D /* Supporting Files */,
			);
			path = LocalSocialTests;
			sourceTree = "<group>";
		};
		DDC7231B13E3640B00BFD50D /* Supporting Files */ = {
			isa = PBXGroup;
			children = (
				DDC7231C13E3640B00BFD50D /* LocalSocialTests-Info.plist */,
				DDC7231D13E3640B00BFD50D /* InfoPlist.strings */,
			);
			name = "Supporting Files";
			sourceTree = "<group>";
		};
/* End PBXGroup section */

/* Begin PBXNativeTarget section */
		DDC722EF13E3640B00BFD50D /* LocalSocial */ = {
			isa = PBXNativeTarget;
			buildConfigurationList = DDC7232613E3640B00BFD50D /* Build configuration list for PBXNativeTarget "LocalSocial" */;
			buildPhases = (
				DDC722EC13E3640B00BFD50D /* Sources */,
				DDC722ED13E3640B00BFD50D /* Frameworks */,
				DDC722EE13E3640B00BFD50D /* Resources */,
			);
			buildRules = (
			);
			dependencies = (
			);
			name = LocalSocial;
			productName = LocalSocial;
			productReference = DDC722F013E3640B00BFD50D /* LocalSocial.app */;
			productType = "com.apple.product-type.application";
		};
		DDC7231113E3640B00BFD50D /* LocalSocialTests */ = {
			isa = PBXNativeTarget;
			buildConfigurationList = DDC7232913E3640B00BFD50D /* Build configuration list for PBXNativeTarget "LocalSocialTests" */;
			buildPhases = (
				DDC7230D13E3640B00BFD50D /* Sources */,
				DDC7230E13E3640B00BFD50D /* Frameworks */,
				DDC7230F13E3640B00BFD50D /* Resources */,
				DDC7231013E3640B00BFD50D /* ShellScript */,
			);
			buildRules = (
			);
			dependencies = (
				DDC7231913E3640B00BFD50D /* PBXTargetDependency */,
			);
			name = LocalSocialTests;
			productName = LocalSocialTests;
			productReference = DDC7231213E3640B00BFD50D /* LocalSocialTests.octest */;
			productType = "com.apple.product-type.bundle";
		};
/* End PBXNativeTarget section */

/* Begin PBXProject section */
		DDC722E713E3640B00BFD50D /* Project object */ = {
			isa = PBXProject;
			attributes = {
				ORGANIZATIONNAME = "Matt Moore";
			};
			buildConfigurationList = DDC722EA13E3640B00BFD50D /* Build configuration list for PBXProject "LocalSocial" */;
			compatibilityVersion = "Xcode 3.2";
			developmentRegion = English;
			hasScannedForEncodings = 0;
			knownRegions = (
				en,
			);
			mainGroup = DDC722E513E3640B00BFD50D;
			productRefGroup = DDC722F113E3640B00BFD50D /* Products */;
			projectDirPath = "";
			projectRoot = "";
			targets = (
				DDC722EF13E3640B00BFD50D /* LocalSocial */,
				DDC7231113E3640B00BFD50D /* LocalSocialTests */,
			);
		};
/* End PBXProject section */

/* Begin PBXResourcesBuildPhase section */
		DDC722EE13E3640B00BFD50D /* Resources */ = {
			isa = PBXResourcesBuildPhase;
			buildActionMask = 2147483647;
			files = (
				DDC722FF13E3640B00BFD50D /* InfoPlist.strings in Resources */,
				DDC7230713E3640B00BFD50D /* SendMessageViewController.h in Resources */,
				DD93152113E445E80045F7BC /* SendMessageViewController.xib in Resources */,
				DDE2F3B913F0CDAC00EAB017 /* InfoViewController.xib in Resources */,
			);
			runOnlyForDeploymentPostprocessing = 0;
		};
		DDC7230F13E3640B00BFD50D /* Resources */ = {
			isa = PBXResourcesBuildPhase;
			buildActionMask = 2147483647;
			files = (
				DDC7231F13E3640B00BFD50D /* InfoPlist.strings in Resources */,
				DDC7232113E3640B00BFD50D /* LocalSocialTests.h in Resources */,
			);
			runOnlyForDeploymentPostprocessing = 0;
		};
/* End PBXResourcesBuildPhase section */

/* Begin PBXShellScriptBuildPhase section */
		DDC7231013E3640B00BFD50D /* ShellScript */ = {
			isa = PBXShellScriptBuildPhase;
			buildActionMask = 2147483647;
			files = (
			);
			inputPaths = (
			);
			outputPaths = (
			);
			runOnlyForDeploymentPostprocessing = 0;
			shellPath = /bin/sh;
			shellScript = "# Run the unit tests in this test bundle.\n\"${SYSTEM_DEVELOPER_DIR}/Tools/RunUnitTests\"\n";
		};
/* End PBXShellScriptBuildPhase section */

/* Begin PBXSourcesBuildPhase section */
		DDC722EC13E3640B00BFD50D /* Sources */ = {
			isa = PBXSourcesBuildPhase;
			buildActionMask = 2147483647;
			files = (
				DDC7230113E3640B00BFD50D /* main.m in Sources */,
				DDC7230513E3640B00BFD50D /* AppDelegate.m in Sources */,
				DDC7230913E3640B00BFD50D /* SendMessageViewController.m in Sources */,
				DDE2F3B813F0CDAC00EAB017 /* InfoViewController.m in Sources */,
			);
			runOnlyForDeploymentPostprocessing = 0;
		};
		DDC7230D13E3640B00BFD50D /* Sources */ = {
			isa = PBXSourcesBuildPhase;
			buildActionMask = 2147483647;
			files = (
				DDC7232313E3640B00BFD50D /* LocalSocialTests.m in Sources */,
			);
			runOnlyForDeploymentPostprocessing = 0;
		};
/* End PBXSourcesBuildPhase section */

/* Begin PBXTargetDependency section */
		DDC7231913E3640B00BFD50D /* PBXTargetDependency */ = {
			isa = PBXTargetDependency;
			target = DDC722EF13E3640B00BFD50D /* LocalSocial */;
			targetProxy = DDC7231813E3640B00BFD50D /* PBXContainerItemProxy */;
		};
/* End PBXTargetDependency section */

/* Begin PBXVariantGroup section */
		DDC722FD13E3640B00BFD50D /* InfoPlist.strings */ = {
			isa = PBXVariantGroup;
			children = (
				DDC722FE13E3640B00BFD50D /* en */,
			);
			name = InfoPlist.strings;
			sourceTree = "<group>";
		};
		DDC7231D13E3640B00BFD50D /* InfoPlist.strings */ = {
			isa = PBXVariantGroup;
			children = (
				DDC7231E13E3640B00BFD50D /* en */,
			);
			name = InfoPlist.strings;
			sourceTree = "<group>";
		};
/* End PBXVariantGroup section */

/* Begin XCBuildConfiguration section */
		DDC7232413E3640B00BFD50D /* Debug */ = {
			isa = XCBuildConfiguration;
			buildSettings = {
				ALWAYS_SEARCH_USER_PATHS = NO;
				ARCHS = "$(ARCHS_STANDARD_32_BIT)";
				CLANG_ENABLE_OBJC_ARC = YES;
				"CODE_SIGN_IDENTITY[sdk=iphoneos*]" = "iPhone Developer: Matt Moore (9SS6683296)";
				COPY_PHASE_STRIP = NO;
				GCC_C_LANGUAGE_STANDARD = gnu99;
				GCC_DYNAMIC_NO_PIC = NO;
				GCC_OPTIMIZATION_LEVEL = 0;
				GCC_PREPROCESSOR_DEFINITIONS = (
					"DEBUG=1",
					"$(inherited)",
				);
				GCC_SYMBOLS_PRIVATE_EXTERN = NO;
				GCC_VERSION = com.apple.compilers.llvm.clang.1_0;
				GCC_WARN_ABOUT_MISSING_PROTOTYPES = YES;
				GCC_WARN_ABOUT_RETURN_TYPE = YES;
				GCC_WARN_UNUSED_VARIABLE = YES;
				IPHONEOS_DEPLOYMENT_TARGET = 5.0;
				"PROVISIONING_PROFILE[sdk=iphoneos*]" = "D3875562-FCD7-48CA-A8A5-BFE65C56E059";
				SDKROOT = iphoneos;
			};
			name = Debug;
		};
		DDC7232513E3640B00BFD50D /* Release */ = {
			isa = XCBuildConfiguration;
			buildSettings = {
				ALWAYS_SEARCH_USER_PATHS = NO;
				ARCHS = "$(ARCHS_STANDARD_32_BIT)";
				CLANG_ENABLE_OBJC_ARC = YES;
				"CODE_SIGN_IDENTITY[sdk=iphoneos*]" = "iPhone Developer: Matt Moore (9SS6683296)";
				COPY_PHASE_STRIP = YES;
				GCC_C_LANGUAGE_STANDARD = gnu99;
				GCC_VERSION = com.apple.compilers.llvm.clang.1_0;
				GCC_WARN_ABOUT_MISSING_PROTOTYPES = YES;
				GCC_WARN_ABOUT_RETURN_TYPE = YES;
				GCC_WARN_UNUSED_VARIABLE = YES;
				IPHONEOS_DEPLOYMENT_TARGET = 5.0;
				OTHER_CFLAGS = "-DNS_BLOCK_ASSERTIONS=1";
				"PROVISIONING_PROFILE[sdk=iphoneos*]" = "D3875562-FCD7-48CA-A8A5-BFE65C56E059";
				SDKROOT = iphoneos;
				VALIDATE_PRODUCT = YES;
			};
			name = Release;
		};
		DDC7232713E3640B00BFD50D /* Debug */ = {
			isa = XCBuildConfiguration;
			buildSettings = {
				GCC_PRECOMPILE_PREFIX_HEADER = YES;
				GCC_PREFIX_HEADER = "LocalSocial/LocalSocial-Prefix.pch";
				INFOPLIST_FILE = "LocalSocial/LocalSocial-Info.plist";
				PRODUCT_NAME = "$(TARGET_NAME)";
				WRAPPER_EXTENSION = app;
			};
			name = Debug;
		};
		DDC7232813E3640B00BFD50D /* Release */ = {
			isa = XCBuildConfiguration;
			buildSettings = {
				GCC_PRECOMPILE_PREFIX_HEADER = YES;
				GCC_PREFIX_HEADER = "LocalSocial/LocalSocial-Prefix.pch";
				INFOPLIST_FILE = "LocalSocial/LocalSocial-Info.plist";
				PRODUCT_NAME = "$(TARGET_NAME)";
				WRAPPER_EXTENSION = app;
			};
			name = Release;
		};
		DDC7232A13E3640B00BFD50D /* Debug */ = {
			isa = XCBuildConfiguration;
			buildSettings = {
				BUNDLE_LOADER = "$(BUILT_PRODUCTS_DIR)/LocalSocial.app/LocalSocial";
				FRAMEWORK_SEARCH_PATHS = (
					"$(SDKROOT)/Developer/Library/Frameworks",
					"$(DEVELOPER_LIBRARY_DIR)/Frameworks",
				);
				GCC_PRECOMPILE_PREFIX_HEADER = YES;
				GCC_PREFIX_HEADER = "LocalSocial/LocalSocial-Prefix.pch";
				INFOPLIST_FILE = "LocalSocialTests/LocalSocialTests-Info.plist";
				PRODUCT_NAME = "$(TARGET_NAME)";
				TEST_HOST = "$(BUNDLE_LOADER)";
				WRAPPER_EXTENSION = octest;
			};
			name = Debug;
		};
		DDC7232B13E3640B00BFD50D /* Release */ = {
			isa = XCBuildConfiguration;
			buildSettings = {
				BUNDLE_LOADER = "$(BUILT_PRODUCTS_DIR)/LocalSocial.app/LocalSocial";
				FRAMEWORK_SEARCH_PATHS = (
					"$(SDKROOT)/Developer/Library/Frameworks",
					"$(DEVELOPER_LIBRARY_DIR)/Frameworks",
				);
				GCC_PRECOMPILE_PREFIX_HEADER = YES;
				GCC_PREFIX_HEADER = "LocalSocial/LocalSocial-Prefix.pch";
				INFOPLIST_FILE = "LocalSocialTests/LocalSocialTests-Info.plist";
				PRODUCT_NAME = "$(TARGET_NAME)";
				TEST_HOST = "$(BUNDLE_LOADER)";
				WRAPPER_EXTENSION = octest;
			};
			name = Release;
		};
/* End XCBuildConfiguration section */

/* Begin XCConfigurationList section */
		DDC722EA13E3640B00BFD50D /* Build configuration list for PBXProject "LocalSocial" */ = {
			isa = XCConfigurationList;
			buildConfigurations = (
				DDC7232413E3640B00BFD50D /* Debug */,
				DDC7232513E3640B00BFD50D /* Release */,
			);
			defaultConfigurationIsVisible = 0;
			defaultConfigurationName = Release;
		};
		DDC7232613E3640B00BFD50D /* Build configuration list for PBXNativeTarget "LocalSocial" */ = {
			isa = XCConfigurationList;
			buildConfigurations = (
				DDC7232713E3640B00BFD50D /* Debug */,
				DDC7232813E3640B00BFD50D /* Release */,
			);
			defaultConfigurationIsVisible = 0;
			defaultConfigurationName = Release;
		};
		DDC7232913E3640B00BFD50D /* Build configuration list for PBXNativeTarget "LocalSocialTests" */ = {
			isa = XCConfigurationList;
			buildConfigurations = (
				DDC7232A13E3640B00BFD50D /* Debug */,
				DDC7232B13E3640B00BFD50D /* Release */,
			);
			defaultConfigurationIsVisible = 0;
			defaultConfigurationName = Release;
		};
/* End XCConfigurationList section */
	};
	rootObject = DDC722E713E3640B00BFD50D /* Project object */;
}
